
Microsoft Visual Studio Solution File, Format Version 12.00
# Visual Studio Version 17
VisualStudioVersion = 17.0.32112.339
MinimumVisualStudioVersion = 10.0.40219.1
Project("{FAE04EC0-301F-11D3-BF4B-00C04F79EFBC}") = "Web", "Web\Web.csproj", "{2518A27D-D69D-4025-941F-D53CBC3171C2}"
EndProject
Project("{2150E333-8FDC-42A3-9474-1A3956D46DE8}") = "Application", "Application", "{0609B699-1B99-4DA8-82A5-285971F2DFB9}"
EndProject
Project("{2150E333-8FDC-42A3-9474-1A3956D46DE8}") = "Domain", "Domain", "{579E15E3-5E66-4FB0-8907-E9C4E1160B3E}"
EndProject
Project("{2150E333-8FDC-42A3-9474-1A3956D46DE8}") = "Infrastructure", "Infrastructure", "{EAEEEF67-052F-4D6B-AC28-4569875E0303}"
EndProject
Project("{2150E333-8FDC-42A3-9474-1A3956D46DE8}") = "Unit Tests", "Unit Tests", "{B26DEF84-5F3E-4470-9737-56ECA74DF27C}"
EndProject
Project("{FAE04EC0-301F-11D3-BF4B-00C04F79EFBC}") = "API", "API\API.csproj", "{A64FEAF2-1F40-4DB6-AFA9-D0D4A2583B12}"
EndProject
Project("{FAE04EC0-301F-11D3-BF4B-00C04F79EFBC}") = "Commands", "Commands\Commands.csproj", "{7E6C86EE-34BD-4E85-BFF7-27E10E650B82}"
EndProject
Project("{FAE04EC0-301F-11D3-BF4B-00C04F79EFBC}") = "Queries", "Queries\Queries.csproj", "{B5FAEE9B-7B14-447A-B268-4F2C0DF697D1}"
EndProject
Project("{FAE04EC0-301F-11D3-BF4B-00C04F79EFBC}") = "Core", "Core\Core.csproj", "{1794BD94-50D9-4039-9EDB-F4A977D96D0A}"
EndProject
Project("{FAE04EC0-301F-11D3-BF4B-00C04F79EFBC}") = "Models", "Models\Models.csproj", "{974152C1-12E5-4E5D-917D-281C3F3A71AF}"
EndProject
Project("{FAE04EC0-301F-11D3-BF4B-00C04F79EFBC}") = "Domain", "Domain\Domain.csproj", "{C10708E9-3D79-482A-80C9-C9C673E82FCA}"
EndProject
Project("{FAE04EC0-301F-11D3-BF4B-00C04F79EFBC}") = "BusinessLogic", "BusinessLogic\BusinessLogic.csproj", "{1FE443AE-1F3F-41E7-816B-4C9B3A274ED6}"
EndProject
Project("{FAE04EC0-301F-11D3-BF4B-00C04F79EFBC}") = "Infrastructure", "Infrastructure\Infrastructure.csproj", "{796EABB3-5B2A-4DB2-A889-A4D8FEE25AC5}"
EndProject
Project("{00D1A9C2-B5F0-4AF3-8072-F6C62B433612}") = "TaskManagementDatabase", "TaskManagementDatabase\TaskManagementDatabase.sqlproj", "{88EC135C-747E-4CFA-8250-3CBFA082ECD6}"
EndProject
Project("{FAE04EC0-301F-11D3-BF4B-00C04F79EFBC}") = "UnitTests", "UnitTests\UnitTests.csproj", "{E486FAF4-CD6C-44CC-ACD2-91D1C64C0E9E}"
EndProject
Global
	GlobalSection(SolutionConfigurationPlatforms) = preSolution
		Debug|Any CPU = Debug|Any CPU
		Release|Any CPU = Release|Any CPU
	EndGlobalSection
	GlobalSection(ProjectConfigurationPlatforms) = postSolution
		{2518A27D-D69D-4025-941F-D53CBC3171C2}.Debug|Any CPU.ActiveCfg = Debug|Any CPU
		{2518A27D-D69D-4025-941F-D53CBC3171C2}.Debug|Any CPU.Build.0 = Debug|Any CPU
		{2518A27D-D69D-4025-941F-D53CBC3171C2}.Release|Any CPU.ActiveCfg = Release|Any CPU
		{2518A27D-D69D-4025-941F-D53CBC3171C2}.Release|Any CPU.Build.0 = Release|Any CPU
		{A64FEAF2-1F40-4DB6-AFA9-D0D4A2583B12}.Debug|Any CPU.ActiveCfg = Debug|Any CPU
		{A64FEAF2-1F40-4DB6-AFA9-D0D4A2583B12}.Debug|Any CPU.Build.0 = Debug|Any CPU
		{A64FEAF2-1F40-4DB6-AFA9-D0D4A2583B12}.Release|Any CPU.ActiveCfg = Release|Any CPU
		{A64FEAF2-1F40-4DB6-AFA9-D0D4A2583B12}.Release|Any CPU.Build.0 = Release|Any CPU
		{7E6C86EE-34BD-4E85-BFF7-27E10E650B82}.Debug|Any CPU.ActiveCfg = Debug|Any CPU
		{7E6C86EE-34BD-4E85-BFF7-27E10E650B82}.Debug|Any CPU.Build.0 = Debug|Any CPU
		{7E6C86EE-34BD-4E85-BFF7-27E10E650B82}.Release|Any CPU.ActiveCfg = Release|Any CPU
		{7E6C86EE-34BD-4E85-BFF7-27E10E650B82}.Release|Any CPU.Build.0 = Release|Any CPU
		{B5FAEE9B-7B14-447A-B268-4F2C0DF697D1}.Debug|Any CPU.ActiveCfg = Debug|Any CPU
		{B5FAEE9B-7B14-447A-B268-4F2C0DF697D1}.Debug|Any CPU.Build.0 = Debug|Any CPU
		{B5FAEE9B-7B14-447A-B268-4F2C0DF697D1}.Release|Any CPU.ActiveCfg = Release|Any CPU
		{B5FAEE9B-7B14-447A-B268-4F2C0DF697D1}.Release|Any CPU.Build.0 = Release|Any CPU
		{1794BD94-50D9-4039-9EDB-F4A977D96D0A}.Debug|Any CPU.ActiveCfg = Debug|Any CPU
		{1794BD94-50D9-4039-9EDB-F4A977D96D0A}.Debug|Any CPU.Build.0 = Debug|Any CPU
		{1794BD94-50D9-4039-9EDB-F4A977D96D0A}.Release|Any CPU.ActiveCfg = Release|Any CPU
		{1794BD94-50D9-4039-9EDB-F4A977D96D0A}.Release|Any CPU.Build.0 = Release|Any CPU
		{974152C1-12E5-4E5D-917D-281C3F3A71AF}.Debug|Any CPU.ActiveCfg = Debug|Any CPU
		{974152C1-12E5-4E5D-917D-281C3F3A71AF}.Debug|Any CPU.Build.0 = Debug|Any CPU
		{974152C1-12E5-4E5D-917D-281C3F3A71AF}.Release|Any CPU.ActiveCfg = Release|Any CPU
		{974152C1-12E5-4E5D-917D-281C3F3A71AF}.Release|Any CPU.Build.0 = Release|Any CPU
		{C10708E9-3D79-482A-80C9-C9C673E82FCA}.Debug|Any CPU.ActiveCfg = Debug|Any CPU
		{C10708E9-3D79-482A-80C9-C9C673E82FCA}.Debug|Any CPU.Build.0 = Debug|Any CPU
		{C10708E9-3D79-482A-80C9-C9C673E82FCA}.Release|Any CPU.ActiveCfg = Release|Any CPU
		{C10708E9-3D79-482A-80C9-C9C673E82FCA}.Release|Any CPU.Build.0 = Release|Any CPU
		{1FE443AE-1F3F-41E7-816B-4C9B3A274ED6}.Debug|Any CPU.ActiveCfg = Debug|Any CPU
		{1FE443AE-1F3F-41E7-816B-4C9B3A274ED6}.Debug|Any CPU.Build.0 = Debug|Any CPU
		{1FE443AE-1F3F-41E7-816B-4C9B3A274ED6}.Release|Any CPU.ActiveCfg = Release|Any CPU
		{1FE443AE-1F3F-41E7-816B-4C9B3A274ED6}.Release|Any CPU.Build.0 = Release|Any CPU
		{796EABB3-5B2A-4DB2-A889-A4D8FEE25AC5}.Debug|Any CPU.ActiveCfg = Debug|Any CPU
		{796EABB3-5B2A-4DB2-A889-A4D8FEE25AC5}.Debug|Any CPU.Build.0 = Debug|Any CPU
		{796EABB3-5B2A-4DB2-A889-A4D8FEE25AC5}.Release|Any CPU.ActiveCfg = Release|Any CPU
		{796EABB3-5B2A-4DB2-A889-A4D8FEE25AC5}.Release|Any CPU.Build.0 = Release|Any CPU
		{88EC135C-747E-4CFA-8250-3CBFA082ECD6}.Debug|Any CPU.ActiveCfg = Debug|Any CPU
		{88EC135C-747E-4CFA-8250-3CBFA082ECD6}.Debug|Any CPU.Build.0 = Debug|Any CPU
		{88EC135C-747E-4CFA-8250-3CBFA082ECD6}.Debug|Any CPU.Deploy.0 = Debug|Any CPU
		{88EC135C-747E-4CFA-8250-3CBFA082ECD6}.Release|Any CPU.ActiveCfg = Release|Any CPU
		{88EC135C-747E-4CFA-8250-3CBFA082ECD6}.Release|Any CPU.Build.0 = Release|Any CPU
		{88EC135C-747E-4CFA-8250-3CBFA082ECD6}.Release|Any CPU.Deploy.0 = Release|Any CPU
		{E486FAF4-CD6C-44CC-ACD2-91D1C64C0E9E}.Debug|Any CPU.ActiveCfg = Debug|Any CPU
		{E486FAF4-CD6C-44CC-ACD2-91D1C64C0E9E}.Debug|Any CPU.Build.0 = Debug|Any CPU
		{E486FAF4-CD6C-44CC-ACD2-91D1C64C0E9E}.Release|Any CPU.ActiveCfg = Release|Any CPU
		{E486FAF4-CD6C-44CC-ACD2-91D1C64C0E9E}.Release|Any CPU.Build.0 = Release|Any CPU
	EndGlobalSection
	GlobalSection(SolutionProperties) = preSolution
		HideSolutionNode = FALSE
	EndGlobalSection
	GlobalSection(NestedProjects) = preSolution
		{2518A27D-D69D-4025-941F-D53CBC3171C2} = {0609B699-1B99-4DA8-82A5-285971F2DFB9}
		{A64FEAF2-1F40-4DB6-AFA9-D0D4A2583B12} = {0609B699-1B99-4DA8-82A5-285971F2DFB9}
		{7E6C86EE-34BD-4E85-BFF7-27E10E650B82} = {0609B699-1B99-4DA8-82A5-285971F2DFB9}
		{B5FAEE9B-7B14-447A-B268-4F2C0DF697D1} = {0609B699-1B99-4DA8-82A5-285971F2DFB9}
		{1794BD94-50D9-4039-9EDB-F4A977D96D0A} = {579E15E3-5E66-4FB0-8907-E9C4E1160B3E}
		{974152C1-12E5-4E5D-917D-281C3F3A71AF} = {579E15E3-5E66-4FB0-8907-E9C4E1160B3E}
		{C10708E9-3D79-482A-80C9-C9C673E82FCA} = {579E15E3-5E66-4FB0-8907-E9C4E1160B3E}
		{1FE443AE-1F3F-41E7-816B-4C9B3A274ED6} = {579E15E3-5E66-4FB0-8907-E9C4E1160B3E}
		{796EABB3-5B2A-4DB2-A889-A4D8FEE25AC5} = {EAEEEF67-052F-4D6B-AC28-4569875E0303}
		{88EC135C-747E-4CFA-8250-3CBFA082ECD6} = {EAEEEF67-052F-4D6B-AC28-4569875E0303}
		{E486FAF4-CD6C-44CC-ACD2-91D1C64C0E9E} = {B26DEF84-5F3E-4470-9737-56ECA74DF27C}
	EndGlobalSection
	GlobalSection(ExtensibilityGlobals) = postSolution
		SolutionGuid = {F7B960BD-05D9-4BFB-9EB5-B4BCCC26DE70}
	EndGlobalSection
EndGlobal
